
Microsoft Visual Studio Solution File, Format Version 12.00
# Visual Studio 15
VisualStudioVersion = 15.0.28307.168
MinimumVisualStudioVersion = 10.0.40219.1
Project("{FAE04EC0-301F-11D3-BF4B-00C04F79EFBC}") = "MultiTargetClassLibrary", "MultiTargetClassLibrary\MultiTargetClassLibrary.csproj", "{3D9037C5-EF6B-49C5-BA10-334644A454AF}"
EndProject
Project("{2150E333-8FDC-42A3-9474-1A3956D46DE8}") = "SolutionFiles", "SolutionFiles", "{FDA54722-2A38-4D76-81EB-4007DCE1AB05}"
	ProjectSection(SolutionItems) = preProject
		paket.dependencies = paket.dependencies
	EndProjectSection
EndProject
Global
	GlobalSection(SolutionConfigurationPlatforms) = preSolution
		Debug|Any CPU = Debug|Any CPU
		Release|Any CPU = Release|Any CPU
	EndGlobalSection
	GlobalSection(ProjectConfigurationPlatforms) = postSolution
		{3D9037C5-EF6B-49C5-BA10-334644A454AF}.Debug|Any CPU.ActiveCfg = Debug|Any CPU
		{3D9037C5-EF6B-49C5-BA10-334644A454AF}.Debug|Any CPU.Build.0 = Debug|Any CPU
		{3D9037C5-EF6B-49C5-BA10-334644A454AF}.Release|Any CPU.ActiveCfg = Release|Any CPU
		{3D9037C5-EF6B-49C5-BA10-334644A454AF}.Release|Any CPU.Build.0 = Release|Any CPU
	EndGlobalSection
	GlobalSection(SolutionProperties) = preSolution
		HideSolutionNode = FALSE
	EndGlobalSection
	GlobalSection(ExtensibilityGlobals) = postSolution
		SolutionGuid = {81F5259D-ECF7-4627-9811-CABA147BE204}
	EndGlobalSection
EndGlobal
